
Microsoft Visual Studio Solution File, Format Version 12.00
# Visual Studio Version 17
VisualStudioVersion = 17.5.002.0
MinimumVisualStudioVersion = 10.0.40219.1
Project("{2150E333-8FDC-42A3-9474-1A3956D46DE8}") = "apps", "apps", "{E7FB34E7-E647-46D9-973B-05820DC0304D}"
EndProject
Project("{9A19103F-16F7-4668-BE54-9A1E7A4F7556}") = "WoW", "apps\api\WoW.csproj", "{A893EEF3-DC15-4F77-8632-8076EF4A65DC}"
EndProject
Global
	GlobalSection(SolutionConfigurationPlatforms) = preSolution
		Debug|Any CPU = Debug|Any CPU
		Release|Any CPU = Release|Any CPU
	EndGlobalSection
	GlobalSection(ProjectConfigurationPlatforms) = postSolution
		{A893EEF3-DC15-4F77-8632-8076EF4A65DC}.Debug|Any CPU.ActiveCfg = Debug|Any CPU
		{A893EEF3-DC15-4F77-8632-8076EF4A65DC}.Debug|Any CPU.Build.0 = Debug|Any CPU
		{A893EEF3-DC15-4F77-8632-8076EF4A65DC}.Release|Any CPU.ActiveCfg = Release|Any CPU
		{A893EEF3-DC15-4F77-8632-8076EF4A65DC}.Release|Any CPU.Build.0 = Release|Any CPU
	EndGlobalSection
	GlobalSection(SolutionProperties) = preSolution
		HideSolutionNode = FALSE
	EndGlobalSection
	GlobalSection(NestedProjects) = preSolution
		{A893EEF3-DC15-4F77-8632-8076EF4A65DC} = {E7FB34E7-E647-46D9-973B-05820DC0304D}
	EndGlobalSection
	GlobalSection(ExtensibilityGlobals) = postSolution
		SolutionGuid = {BE5A3AF3-60D6-48BF-8F8E-5FF33134E748}
	EndGlobalSection
EndGlobal
